// !$*UTF8*$!
{
	archiveVersion = 1;
	classes = {
	};
	objectVersion = 77;
	objects = {

/* Begin PBXBuildFile section */
		A00000000000000000000004 /* PhaseZeroFoundationTests.swift in Sources */ = {isa = PBXBuildFile; fileRef = A00000000000000000000002 /* PhaseZeroFoundationTests.swift */; };
		A00000000000000000000005 /* AIModelConfiguration.swift in Sources */ = {isa = PBXBuildFile; fileRef = A00000000000000000000003 /* AIModelConfiguration.swift */; };
		A00000000000000000000011 /* PhaseOneAppShellTests.swift in Sources */ = {isa = PBXBuildFile; fileRef = A00000000000000000000012 /* PhaseOneAppShellTests.swift */; };
		A00000000000000000000013 /* PhaseTwoPasteTests.swift in Sources */ = {isa = PBXBuildFile; fileRef = A00000000000000000000014 /* PhaseTwoPasteTests.swift */; };
		A00000000000000000000015 /* PhaseThreeAudioTests.swift in Sources */ = {isa = PBXBuildFile; fileRef = A00000000000000000000016 /* PhaseThreeAudioTests.swift */; };
		A00000000000000000000017 /* PhaseFourOpenRouterTransportTests.swift in Sources */ = {isa = PBXBuildFile; fileRef = A00000000000000000000018 /* PhaseFourOpenRouterTransportTests.swift */; };
		A00000000000000000000019 /* PhaseFiveSpeechToTextTests.swift in Sources */ = {isa = PBXBuildFile; fileRef = A0000000000000000000001A /* PhaseFiveSpeechToTextTests.swift */; };
		A0000000000000000000001B /* PhaseSixTextCleanupTests.swift in Sources */ = {isa = PBXBuildFile; fileRef = A0000000000000000000001C /* PhaseSixTextCleanupTests.swift */; };
		A0000000000000000000001D /* PhaseSevenHotkeyTests.swift in Sources */ = {isa = PBXBuildFile; fileRef = A0000000000000000000001E /* PhaseSevenHotkeyTests.swift */; };
		A0000000000000000000001F /* PhaseEightPipelineTests.swift in Sources */ = {isa = PBXBuildFile; fileRef = A00000000000000000000020 /* PhaseEightPipelineTests.swift */; };
		A00000000000000000000021 /* PhaseNineHardeningTests.swift in Sources */ = {isa = PBXBuildFile; fileRef = A00000000000000000000022 /* PhaseNineHardeningTests.swift */; };
		A00000000000000000000023 /* LocalSpeechToTextTests.swift in Sources */ = {isa = PBXBuildFile; fileRef = A00000000000000000000024 /* LocalSpeechToTextTests.swift */; };
/* End PBXBuildFile section */

/* Begin PBXContainerItemProxy section */
		A0000000000000000000000B /* PBXContainerItemProxy */ = {
			isa = PBXContainerItemProxy;
			containerPortal = BEDDA72F3001383800254AAC /* Project object */;
			proxyType = 1;
			remoteGlobalIDString = BEDDA7363001383800254AAC;
			remoteInfo = dict8;
		};
/* End PBXContainerItemProxy section */

/* Begin PBXFileReference section */
		A00000000000000000000001 /* dict8Tests.xctest */ = {isa = PBXFileReference; explicitFileType = wrapper.cfbundle; includeInIndex = 0; path = dict8Tests.xctest; sourceTree = BUILT_PRODUCTS_DIR; };
		A00000000000000000000002 /* PhaseZeroFoundationTests.swift */ = {isa = PBXFileReference; lastKnownFileType = sourcecode.swift; name = PhaseZeroFoundationTests.swift; path = ../Tests/Unit/PhaseZeroFoundationTests.swift; sourceTree = "<group>"; };
		A00000000000000000000003 /* AIModelConfiguration.swift */ = {isa = PBXFileReference; lastKnownFileType = sourcecode.swift; name = AIModelConfiguration.swift; path = ../Supporting/AIModelConfiguration.swift; sourceTree = "<group>"; };
		A00000000000000000000012 /* PhaseOneAppShellTests.swift */ = {isa = PBXFileReference; lastKnownFileType = sourcecode.swift; name = PhaseOneAppShellTests.swift; path = ../Tests/Unit/PhaseOneAppShellTests.swift; sourceTree = "<group>"; };
		A00000000000000000000014 /* PhaseTwoPasteTests.swift */ = {isa = PBXFileReference; lastKnownFileType = sourcecode.swift; name = PhaseTwoPasteTests.swift; path = ../Tests/Unit/PhaseTwoPasteTests.swift; sourceTree = "<group>"; };
		A00000000000000000000016 /* PhaseThreeAudioTests.swift */ = {isa = PBXFileReference; lastKnownFileType = sourcecode.swift; name = PhaseThreeAudioTests.swift; path = ../Tests/Unit/PhaseThreeAudioTests.swift; sourceTree = "<group>"; };
		A00000000000000000000018 /* PhaseFourOpenRouterTransportTests.swift */ = {isa = PBXFileReference; lastKnownFileType = sourcecode.swift; name = PhaseFourOpenRouterTransportTests.swift; path = ../Tests/Unit/PhaseFourOpenRouterTransportTests.swift; sourceTree = "<group>"; };
		A0000000000000000000001A /* PhaseFiveSpeechToTextTests.swift */ = {isa = PBXFileReference; lastKnownFileType = sourcecode.swift; name = PhaseFiveSpeechToTextTests.swift; path = ../Tests/Unit/PhaseFiveSpeechToTextTests.swift; sourceTree = "<group>"; };
		A0000000000000000000001C /* PhaseSixTextCleanupTests.swift */ = {isa = PBXFileReference; lastKnownFileType = sourcecode.swift; name = PhaseSixTextCleanupTests.swift; path = ../Tests/Unit/PhaseSixTextCleanupTests.swift; sourceTree = "<group>"; };
		A0000000000000000000001E /* PhaseSevenHotkeyTests.swift */ = {isa = PBXFileReference; lastKnownFileType = sourcecode.swift; name = PhaseSevenHotkeyTests.swift; path = ../Tests/Unit/PhaseSevenHotkeyTests.swift; sourceTree = "<group>"; };
		A00000000000000000000020 /* PhaseEightPipelineTests.swift */ = {isa = PBXFileReference; lastKnownFileType = sourcecode.swift; name = PhaseEightPipelineTests.swift; path = ../Tests/Unit/PhaseEightPipelineTests.swift; sourceTree = "<group>"; };
		A00000000000000000000022 /* PhaseNineHardeningTests.swift */ = {isa = PBXFileReference; lastKnownFileType = sourcecode.swift; name = PhaseNineHardeningTests.swift; path = ../Tests/Unit/PhaseNineHardeningTests.swift; sourceTree = "<group>"; };
		A00000000000000000000024 /* LocalSpeechToTextTests.swift */ = {isa = PBXFileReference; lastKnownFileType = sourcecode.swift; name = LocalSpeechToTextTests.swift; path = ../Tests/Unit/LocalSpeechToTextTests.swift; sourceTree = "<group>"; };
		BEDDA7373001383800254AAC /* dict8.app */ = {isa = PBXFileReference; explicitFileType = wrapper.application; includeInIndex = 0; path = dict8.app; sourceTree = BUILT_PRODUCTS_DIR; };
/* End PBXFileReference section */

/* Begin PBXFileSystemSynchronizedRootGroup section */
		BEDDA7393001383800254AAC /* dict8 */ = {
			isa = PBXFileSystemSynchronizedRootGroup;
			path = dict8;
			sourceTree = "<group>";
		};
/* End PBXFileSystemSynchronizedRootGroup section */

/* Begin PBXFrameworksBuildPhase section */
		A00000000000000000000009 /* Frameworks */ = {
			isa = PBXFrameworksBuildPhase;
			buildActionMask = 2147483647;
			files = (
			);
			runOnlyForDeploymentPostprocessing = 0;
		};
		BEDDA7343001383800254AAC /* Frameworks */ = {
			isa = PBXFrameworksBuildPhase;
			buildActionMask = 2147483647;
			files = (
			);
			runOnlyForDeploymentPostprocessing = 0;
		};
/* End PBXFrameworksBuildPhase section */

/* Begin PBXGroup section */
		A00000000000000000000006 /* Tests */ = {
			isa = PBXGroup;
			children = (
				A00000000000000000000002 /* PhaseZeroFoundationTests.swift */,
				A00000000000000000000012 /* PhaseOneAppShellTests.swift */,
				A00000000000000000000014 /* PhaseTwoPasteTests.swift */,
				A00000000000000000000016 /* PhaseThreeAudioTests.swift */,
				A00000000000000000000018 /* PhaseFourOpenRouterTransportTests.swift */,
				A0000000000000000000001A /* PhaseFiveSpeechToTextTests.swift */,
				A0000000000000000000001C /* PhaseSixTextCleanupTests.swift */,
				A0000000000000000000001E /* PhaseSevenHotkeyTests.swift */,
				A00000000000000000000020 /* PhaseEightPipelineTests.swift */,
				A00000000000000000000022 /* PhaseNineHardeningTests.swift */,
				A00000000000000000000024 /* LocalSpeechToTextTests.swift */,
			);
			name = Tests;
			sourceTree = "<group>";
		};
		A00000000000000000000007 /* Supporting */ = {
			isa = PBXGroup;
			children = (
				A00000000000000000000003 /* AIModelConfiguration.swift */,
			);
			name = Supporting;
			sourceTree = "<group>";
		};
		BEDDA72E3001383800254AAC = {
			isa = PBXGroup;
			children = (
				BEDDA7393001383800254AAC /* dict8 */,
				A00000000000000000000007 /* Supporting */,
				A00000000000000000000006 /* Tests */,
				BEDDA7383001383800254AAC /* Products */,
			);
			sourceTree = "<group>";
		};
		BEDDA7383001383800254AAC /* Products */ = {
			isa = PBXGroup;
			children = (
				BEDDA7373001383800254AAC /* dict8.app */,
				A00000000000000000000001 /* dict8Tests.xctest */,
			);
			name = Products;
			sourceTree = "<group>";
		};
/* End PBXGroup section */

/* Begin PBXNativeTarget section */
		A0000000000000000000000D /* dict8Tests */ = {
			isa = PBXNativeTarget;
			buildConfigurationList = A00000000000000000000010 /* Build configuration list for PBXNativeTarget "dict8Tests" */;
			buildPhases = (
				A00000000000000000000008 /* Sources */,
				A00000000000000000000009 /* Frameworks */,
				A0000000000000000000000A /* Resources */,
			);
			buildRules = (
			);
			dependencies = (
				A0000000000000000000000C /* PBXTargetDependency */,
			);
			name = dict8Tests;
			packageProductDependencies = (
			);
			productName = dict8Tests;
			productReference = A00000000000000000000001 /* dict8Tests.xctest */;
			productType = "com.apple.product-type.bundle.unit-test";
		};
		BEDDA7363001383800254AAC /* dict8 */ = {
			isa = PBXNativeTarget;
			buildConfigurationList = BEDDA7423001383900254AAC /* Build configuration list for PBXNativeTarget "dict8" */;
			buildPhases = (
				BEDDA7333001383800254AAC /* Sources */,
				BEDDA7343001383800254AAC /* Frameworks */,
				BEDDA7353001383800254AAC /* Resources */,
			);
			buildRules = (
			);
			dependencies = (
			);
			fileSystemSynchronizedGroups = (
				BEDDA7393001383800254AAC /* dict8 */,
			);
			name = dict8;
			packageProductDependencies = (
			);
			productName = dict8;
			productReference = BEDDA7373001383800254AAC /* dict8.app */;
			productType = "com.apple.product-type.application";
		};
/* End PBXNativeTarget section */

/* Begin PBXProject section */
		BEDDA72F3001383800254AAC /* Project object */ = {
			isa = PBXProject;
			attributes = {
				BuildIndependentTargetsInParallel = 1;
				LastSwiftUpdateCheck = 2610;
				LastUpgradeCheck = 2610;
				TargetAttributes = {
					A0000000000000000000000D = {
						CreatedOnToolsVersion = 26.1.1;
						TestTargetID = BEDDA7363001383800254AAC;
					};
					BEDDA7363001383800254AAC = {
						CreatedOnToolsVersion = 26.1.1;
					};
				};
			};
			buildConfigurationList = BEDDA7323001383800254AAC /* Build configuration list for PBXProject "dict8" */;
			developmentRegion = en;
			hasScannedForEncodings = 0;
			knownRegions = (
				en,
				Base,
			);
			mainGroup = BEDDA72E3001383800254AAC;
			minimizedProjectReferenceProxies = 1;
			preferredProjectObjectVersion = 77;
			productRefGroup = BEDDA7383001383800254AAC /* Products */;
			projectDirPath = "";
			projectRoot = "";
			targets = (
				BEDDA7363001383800254AAC /* dict8 */,
				A0000000000000000000000D /* dict8Tests */,
			);
		};
/* End PBXProject section */

/* Begin PBXResourcesBuildPhase section */
		A0000000000000000000000A /* Resources */ = {
			isa = PBXResourcesBuildPhase;
			buildActionMask = 2147483647;
			files = (
			);
			runOnlyForDeploymentPostprocessing = 0;
		};
		BEDDA7353001383800254AAC /* Resources */ = {
			isa = PBXResourcesBuildPhase;
			buildActionMask = 2147483647;
			files = (
			);
			runOnlyForDeploymentPostprocessing = 0;
		};
/* End PBXResourcesBuildPhase section */

/* Begin PBXSourcesBuildPhase section */
		A00000000000000000000008 /* Sources */ = {
			isa = PBXSourcesBuildPhase;
			buildActionMask = 2147483647;
			files = (
				A00000000000000000000004 /* PhaseZeroFoundationTests.swift in Sources */,
				A00000000000000000000011 /* PhaseOneAppShellTests.swift in Sources */,
				A00000000000000000000013 /* PhaseTwoPasteTests.swift in Sources */,
				A00000000000000000000015 /* PhaseThreeAudioTests.swift in Sources */,
				A00000000000000000000017 /* PhaseFourOpenRouterTransportTests.swift in Sources */,
				A00000000000000000000019 /* PhaseFiveSpeechToTextTests.swift in Sources */,
				A0000000000000000000001B /* PhaseSixTextCleanupTests.swift in Sources */,
				A0000000000000000000001D /* PhaseSevenHotkeyTests.swift in Sources */,
				A0000000000000000000001F /* PhaseEightPipelineTests.swift in Sources */,
				A00000000000000000000021 /* PhaseNineHardeningTests.swift in Sources */,
				A00000000000000000000023 /* LocalSpeechToTextTests.swift in Sources */,
			);
			runOnlyForDeploymentPostprocessing = 0;
		};
		BEDDA7333001383800254AAC /* Sources */ = {
			isa = PBXSourcesBuildPhase;
			buildActionMask = 2147483647;
			files = (
				A00000000000000000000005 /* AIModelConfiguration.swift in Sources */,
			);
			runOnlyForDeploymentPostprocessing = 0;
		};
/* End PBXSourcesBuildPhase section */

/* Begin PBXTargetDependency section */
		A0000000000000000000000C /* PBXTargetDependency */ = {
			isa = PBXTargetDependency;
			target = BEDDA7363001383800254AAC /* dict8 */;
			targetProxy = A0000000000000000000000B /* PBXContainerItemProxy */;
		};
/* End PBXTargetDependency section */

/* Begin XCBuildConfiguration section */
		A0000000000000000000000E /* Debug */ = {
			isa = XCBuildConfiguration;
			buildSettings = {
				BUNDLE_LOADER = "$(TEST_HOST)";
				CODE_SIGN_STYLE = Automatic;
				DEVELOPMENT_TEAM = 94685W8N78;
				GENERATE_INFOPLIST_FILE = YES;
				MACOSX_DEPLOYMENT_TARGET = 26.0;
				PRODUCT_BUNDLE_IDENTIFIER = com.xehl.dict8Tests;
				PRODUCT_NAME = "$(TARGET_NAME)";
				SDKROOT = macosx;
				SUPPORTED_PLATFORMS = macosx;
				SWIFT_VERSION = 6.0;
				TEST_HOST = "$(BUILT_PRODUCTS_DIR)/dict8.app/Contents/MacOS/dict8";
			};
			name = Debug;
		};
		A0000000000000000000000F /* Release */ = {
			isa = XCBuildConfiguration;
			buildSettings = {
				BUNDLE_LOADER = "$(TEST_HOST)";
				CODE_SIGN_STYLE = Automatic;
				DEVELOPMENT_TEAM = 94685W8N78;
				GENERATE_INFOPLIST_FILE = YES;
				MACOSX_DEPLOYMENT_TARGET = 26.0;
				PRODUCT_BUNDLE_IDENTIFIER = com.xehl.dict8Tests;
				PRODUCT_NAME = "$(TARGET_NAME)";
				SDKROOT = macosx;
				SUPPORTED_PLATFORMS = macosx;
				SWIFT_VERSION = 6.0;
				TEST_HOST = "$(BUILT_PRODUCTS_DIR)/dict8.app/Contents/MacOS/dict8";
			};
			name = Release;
		};
		BEDDA7403001383900254AAC /* Debug */ = {
			isa = XCBuildConfiguration;
			buildSettings = {
				ALWAYS_SEARCH_USER_PATHS = NO;
				ASSETCATALOG_COMPILER_GENERATE_SWIFT_ASSET_SYMBOL_EXTENSIONS = YES;
				CLANG_ANALYZER_NONNULL = YES;
				CLANG_ANALYZER_NUMBER_OBJECT_CONVERSION = YES_AGGRESSIVE;
				CLANG_CXX_LANGUAGE_STANDARD = "gnu++20";
				CLANG_ENABLE_MODULES = YES;
				CLANG_ENABLE_OBJC_ARC = YES;
				CLANG_ENABLE_OBJC_WEAK = YES;
				CLANG_WARN_BLOCK_CAPTURE_AUTORELEASING = YES;
				CLANG_WARN_BOOL_CONVERSION = YES;
				CLANG_WARN_COMMA = YES;
				CLANG_WARN_CONSTANT_CONVERSION = YES;
				CLANG_WARN_DEPRECATED_OBJC_IMPLEMENTATIONS = YES;
				CLANG_WARN_DIRECT_OBJC_ISA_USAGE = YES_ERROR;
				CLANG_WARN_DOCUMENTATION_COMMENTS = YES;
				CLANG_WARN_EMPTY_BODY = YES;
				CLANG_WARN_ENUM_CONVERSION = YES;
				CLANG_WARN_INFINITE_RECURSION = YES;
				CLANG_WARN_INT_CONVERSION = YES;
				CLANG_WARN_NON_LITERAL_NULL_CONVERSION = YES;
				CLANG_WARN_OBJC_IMPLICIT_RETAIN_SELF = YES;
				CLANG_WARN_OBJC_LITERAL_CONVERSION = YES;
				CLANG_WARN_OBJC_ROOT_CLASS = YES_ERROR;
				CLANG_WARN_QUOTED_INCLUDE_IN_FRAMEWORK_HEADER = YES;
				CLANG_WARN_RANGE_LOOP_ANALYSIS = YES;
				CLANG_WARN_STRICT_PROTOTYPES = YES;
				CLANG_WARN_SUSPICIOUS_MOVE = YES;
				CLANG_WARN_UNGUARDED_AVAILABILITY = YES_AGGRESSIVE;
				CLANG_WARN_UNREACHABLE_CODE = YES;
				CLANG_WARN__DUPLICATE_METHOD_MATCH = YES;
				COPY_PHASE_STRIP = NO;
				DEBUG_INFORMATION_FORMAT = dwarf;
				DEVELOPMENT_TEAM = 94685W8N78;
				ENABLE_STRICT_OBJC_MSGSEND = YES;
				ENABLE_TESTABILITY = YES;
				ENABLE_USER_SCRIPT_SANDBOXING = YES;
				GCC_C_LANGUAGE_STANDARD = gnu17;
				GCC_DYNAMIC_NO_PIC = NO;
				GCC_NO_COMMON_BLOCKS = YES;
				GCC_OPTIMIZATION_LEVEL = 0;
				GCC_PREPROCESSOR_DEFINITIONS = (
					"DEBUG=1",
					"$(inherited)",
				);
				GCC_WARN_64_TO_32_BIT_CONVERSION = YES;
				GCC_WARN_ABOUT_RETURN_TYPE = YES_ERROR;
				GCC_WARN_UNDECLARED_SELECTOR = YES;
				GCC_WARN_UNINITIALIZED_AUTOS = YES_AGGRESSIVE;
				GCC_WARN_UNUSED_FUNCTION = YES;
				GCC_WARN_UNUSED_VARIABLE = YES;
				LOCALIZATION_PREFERS_STRING_CATALOGS = YES;
				MTL_ENABLE_DEBUG_INFO = INCLUDE_SOURCE;
				MTL_FAST_MATH = YES;
				ONLY_ACTIVE_ARCH = YES;
				SWIFT_ACTIVE_COMPILATION_CONDITIONS = "DEBUG $(inherited)";
				SWIFT_OPTIMIZATION_LEVEL = "-Onone";
			};
			name = Debug;
		};
		BEDDA7413001383900254AAC /* Release */ = {
			isa = XCBuildConfiguration;
			buildSettings = {
				ALWAYS_SEARCH_USER_PATHS = NO;
				ASSETCATALOG_COMPILER_GENERATE_SWIFT_ASSET_SYMBOL_EXTENSIONS = YES;
				CLANG_ANALYZER_NONNULL = YES;
				CLANG_ANALYZER_NUMBER_OBJECT_CONVERSION = YES_AGGRESSIVE;
				CLANG_CXX_LANGUAGE_STANDARD = "gnu++20";
				CLANG_ENABLE_MODULES = YES;
				CLANG_ENABLE_OBJC_ARC = YES;
				CLANG_ENABLE_OBJC_WEAK = YES;
				CLANG_WARN_BLOCK_CAPTURE_AUTORELEASING = YES;
				CLANG_WARN_BOOL_CONVERSION = YES;
				CLANG_WARN_COMMA = YES;
				CLANG_WARN_CONSTANT_CONVERSION = YES;
				CLANG_WARN_DEPRECATED_OBJC_IMPLEMENTATIONS = YES;
				CLANG_WARN_DIRECT_OBJC_ISA_USAGE = YES_ERROR;
				CLANG_WARN_DOCUMENTATION_COMMENTS = YES;
				CLANG_WARN_EMPTY_BODY = YES;
				CLANG_WARN_ENUM_CONVERSION = YES;
				CLANG_WARN_INFINITE_RECURSION = YES;
				CLANG_WARN_INT_CONVERSION = YES;
				CLANG_WARN_NON_LITERAL_NULL_CONVERSION = YES;
				CLANG_WARN_OBJC_IMPLICIT_RETAIN_SELF = YES;
				CLANG_WARN_OBJC_LITERAL_CONVERSION = YES;
				CLANG_WARN_OBJC_ROOT_CLASS = YES_ERROR;
				CLANG_WARN_QUOTED_INCLUDE_IN_FRAMEWORK_HEADER = YES;
				CLANG_WARN_RANGE_LOOP_ANALYSIS = YES;
				CLANG_WARN_STRICT_PROTOTYPES = YES;
				CLANG_WARN_SUSPICIOUS_MOVE = YES;
				CLANG_WARN_UNGUARDED_AVAILABILITY = YES_AGGRESSIVE;
				CLANG_WARN_UNREACHABLE_CODE = YES;
				CLANG_WARN__DUPLICATE_METHOD_MATCH = YES;
				COPY_PHASE_STRIP = NO;
				DEBUG_INFORMATION_FORMAT = "dwarf-with-dsym";
				DEVELOPMENT_TEAM = 94685W8N78;
				ENABLE_NS_ASSERTIONS = NO;
				ENABLE_STRICT_OBJC_MSGSEND = YES;
				ENABLE_USER_SCRIPT_SANDBOXING = YES;
				GCC_C_LANGUAGE_STANDARD = gnu17;
				GCC_NO_COMMON_BLOCKS = YES;
				GCC_WARN_64_TO_32_BIT_CONVERSION = YES;
				GCC_WARN_ABOUT_RETURN_TYPE = YES_ERROR;
				GCC_WARN_UNDECLARED_SELECTOR = YES;
				GCC_WARN_UNINITIALIZED_AUTOS = YES_AGGRESSIVE;
				GCC_WARN_UNUSED_FUNCTION = YES;
				GCC_WARN_UNUSED_VARIABLE = YES;
				LOCALIZATION_PREFERS_STRING_CATALOGS = YES;
				MTL_ENABLE_DEBUG_INFO = NO;
				MTL_FAST_MATH = YES;
				SWIFT_COMPILATION_MODE = wholemodule;
			};
			name = Release;
		};
		BEDDA7433001383900254AAC /* Debug */ = {
			isa = XCBuildConfiguration;
			buildSettings = {
				ASSETCATALOG_COMPILER_APPICON_NAME = AppIcon;
				ASSETCATALOG_COMPILER_GLOBAL_ACCENT_COLOR_NAME = AccentColor;
				CODE_SIGN_ENTITLEMENTS = dict8/dict8.entitlements;
				CODE_SIGN_STYLE = Automatic;
				CURRENT_PROJECT_VERSION = 1;
				DEVELOPMENT_TEAM = 94685W8N78;
				ENABLE_APP_SANDBOX = NO;
				ENABLE_HARDENED_RUNTIME = YES;
				ENABLE_PREVIEWS = YES;
				GENERATE_INFOPLIST_FILE = YES;
				INFOPLIST_KEY_LSUIElement = YES;
				INFOPLIST_KEY_NSMicrophoneUsageDescription = "dict8 needs microphone access to record speech for transcription.";
				"INFOPLIST_KEY_UIApplicationSceneManifest_Generation[sdk=iphoneos*]" = YES;
				"INFOPLIST_KEY_UIApplicationSceneManifest_Generation[sdk=iphonesimulator*]" = YES;
				"INFOPLIST_KEY_UIApplicationSupportsIndirectInputEvents[sdk=iphoneos*]" = YES;
				"INFOPLIST_KEY_UIApplicationSupportsIndirectInputEvents[sdk=iphonesimulator*]" = YES;
				"INFOPLIST_KEY_UILaunchScreen_Generation[sdk=iphoneos*]" = YES;
				"INFOPLIST_KEY_UILaunchScreen_Generation[sdk=iphonesimulator*]" = YES;
				"INFOPLIST_KEY_UIStatusBarStyle[sdk=iphoneos*]" = UIStatusBarStyleDefault;
				"INFOPLIST_KEY_UIStatusBarStyle[sdk=iphonesimulator*]" = UIStatusBarStyleDefault;
				INFOPLIST_KEY_UISupportedInterfaceOrientations_iPad = "UIInterfaceOrientationPortrait UIInterfaceOrientationPortraitUpsideDown UIInterfaceOrientationLandscapeLeft UIInterfaceOrientationLandscapeRight";
				INFOPLIST_KEY_UISupportedInterfaceOrientations_iPhone = "UIInterfaceOrientationPortrait UIInterfaceOrientationLandscapeLeft UIInterfaceOrientationLandscapeRight";
				LD_RUNPATH_SEARCH_PATHS = "@executable_path/Frameworks";
				"LD_RUNPATH_SEARCH_PATHS[sdk=macosx*]" = "@executable_path/../Frameworks";
				MACOSX_DEPLOYMENT_TARGET = 26.0;
				MARKETING_VERSION = 0.1.0;
				PRODUCT_BUNDLE_IDENTIFIER = com.xehl.dict8;
				PRODUCT_NAME = "$(TARGET_NAME)";
				SDKROOT = macosx;
				STRING_CATALOG_GENERATE_SYMBOLS = YES;
				SUPPORTED_PLATFORMS = macosx;
				SWIFT_APPROACHABLE_CONCURRENCY = YES;
				SWIFT_DEFAULT_ACTOR_ISOLATION = MainActor;
				SWIFT_EMIT_LOC_STRINGS = YES;
				SWIFT_UPCOMING_FEATURE_MEMBER_IMPORT_VISIBILITY = YES;
				SWIFT_VERSION = 6.0;
			};
			name = Debug;
		};
		BEDDA7443001383900254AAC /* Release */ = {
			isa = XCBuildConfiguration;
			buildSettings = {
				ASSETCATALOG_COMPILER_APPICON_NAME = AppIcon;
				ASSETCATALOG_COMPILER_GLOBAL_ACCENT_COLOR_NAME = AccentColor;
				CODE_SIGN_ENTITLEMENTS = dict8/dict8.entitlements;
				CODE_SIGN_STYLE = Automatic;
				CURRENT_PROJECT_VERSION = 1;
				DEVELOPMENT_TEAM = 94685W8N78;
				ENABLE_APP_SANDBOX = NO;
				ENABLE_HARDENED_RUNTIME = YES;
				ENABLE_PREVIEWS = YES;
				GENERATE_INFOPLIST_FILE = YES;
				INFOPLIST_KEY_LSUIElement = YES;
				INFOPLIST_KEY_NSMicrophoneUsageDescription = "dict8 needs microphone access to record speech for transcription.";
				"INFOPLIST_KEY_UIApplicationSceneManifest_Generation[sdk=iphoneos*]" = YES;
				"INFOPLIST_KEY_UIApplicationSceneManifest_Generation[sdk=iphonesimulator*]" = YES;
				"INFOPLIST_KEY_UIApplicationSupportsIndirectInputEvents[sdk=iphoneos*]" = YES;
				"INFOPLIST_KEY_UIApplicationSupportsIndirectInputEvents[sdk=iphonesimulator*]" = YES;
				"INFOPLIST_KEY_UILaunchScreen_Generation[sdk=iphoneos*]" = YES;
				"INFOPLIST_KEY_UILaunchScreen_Generation[sdk=iphonesimulator*]" = YES;
				"INFOPLIST_KEY_UIStatusBarStyle[sdk=iphoneos*]" = UIStatusBarStyleDefault;
				"INFOPLIST_KEY_UIStatusBarStyle[sdk=iphonesimulator*]" = UIStatusBarStyleDefault;
				INFOPLIST_KEY_UISupportedInterfaceOrientations_iPad = "UIInterfaceOrientationPortrait UIInterfaceOrientationPortraitUpsideDown UIInterfaceOrientationLandscapeLeft UIInterfaceOrientationLandscapeRight";
				INFOPLIST_KEY_UISupportedInterfaceOrientations_iPhone = "UIInterfaceOrientationPortrait UIInterfaceOrientationLandscapeLeft UIInterfaceOrientationLandscapeRight";
				LD_RUNPATH_SEARCH_PATHS = "@executable_path/Frameworks";
				"LD_RUNPATH_SEARCH_PATHS[sdk=macosx*]" = "@executable_path/../Frameworks";
				MACOSX_DEPLOYMENT_TARGET = 26.0;
				MARKETING_VERSION = 0.1.0;
				PRODUCT_BUNDLE_IDENTIFIER = com.xehl.dict8;
				PRODUCT_NAME = "$(TARGET_NAME)";
				SDKROOT = macosx;
				STRING_CATALOG_GENERATE_SYMBOLS = YES;
				SUPPORTED_PLATFORMS = macosx;
				SWIFT_APPROACHABLE_CONCURRENCY = YES;
				SWIFT_DEFAULT_ACTOR_ISOLATION = MainActor;
				SWIFT_EMIT_LOC_STRINGS = YES;
				SWIFT_UPCOMING_FEATURE_MEMBER_IMPORT_VISIBILITY = YES;
				SWIFT_VERSION = 6.0;
			};
			name = Release;
		};
/* End XCBuildConfiguration section */

/* Begin XCConfigurationList section */
		A00000000000000000000010 /* Build configuration list for PBXNativeTarget "dict8Tests" */ = {
			isa = XCConfigurationList;
			buildConfigurations = (
				A0000000000000000000000E /* Debug */,
				A0000000000000000000000F /* Release */,
			);
			defaultConfigurationIsVisible = 0;
			defaultConfigurationName = Release;
		};
		BEDDA7323001383800254AAC /* Build configuration list for PBXProject "dict8" */ = {
			isa = XCConfigurationList;
			buildConfigurations = (
				BEDDA7403001383900254AAC /* Debug */,
				BEDDA7413001383900254AAC /* Release */,
			);
			defaultConfigurationIsVisible = 0;
			defaultConfigurationName = Release;
		};
		BEDDA7423001383900254AAC /* Build configuration list for PBXNativeTarget "dict8" */ = {
			isa = XCConfigurationList;
			buildConfigurations = (
				BEDDA7433001383900254AAC /* Debug */,
				BEDDA7443001383900254AAC /* Release */,
			);
			defaultConfigurationIsVisible = 0;
			defaultConfigurationName = Release;
		};
/* End XCConfigurationList section */
	};
	rootObject = BEDDA72F3001383800254AAC /* Project object */;
}
